// !$*UTF8*$!
{
	archiveVersion = 1;
	classes = {
	};
	objectVersion = 46;
	objects = {

/* Begin PBXBuildFile section */
		0C19D05E183C9B0400A58021 /* Foundation.framework in Frameworks */ = {isa = PBXBuildFile; fileRef = 0C19D05D183C9B0400A58021 /* Foundation.framework */; };
		0C19D060183C9B0400A58021 /* CoreGraphics.framework in Frameworks */ = {isa = PBXBuildFile; fileRef = 0C19D05F183C9B0400A58021 /* CoreGraphics.framework */; };
		0C19D062183C9B0400A58021 /* UIKit.framework in Frameworks */ = {isa = PBXBuildFile; fileRef = 0C19D061183C9B0400A58021 /* UIKit.framework */; };
		0C19D068183C9B0400A58021 /* InfoPlist.strings in Resources */ = {isa = PBXBuildFile; fileRef = 0C19D066183C9B0400A58021 /* InfoPlist.strings */; };
		0C19D06A183C9B0400A58021 /* main.m in Sources */ = {isa = PBXBuildFile; fileRef = 0C19D069183C9B0400A58021 /* main.m */; };
		0C19D06E183C9B0400A58021 /* rjpAppDelegate.m in Sources */ = {isa = PBXBuildFile; fileRef = 0C19D06D183C9B0400A58021 /* rjpAppDelegate.m */; };
		0C19D071183C9B0400A58021 /* Main_iPhone.storyboard in Resources */ = {isa = PBXBuildFile; fileRef = 0C19D06F183C9B0400A58021 /* Main_iPhone.storyboard */; };
		0C19D074183C9B0400A58021 /* Main_iPad.storyboard in Resources */ = {isa = PBXBuildFile; fileRef = 0C19D072183C9B0400A58021 /* Main_iPad.storyboard */; };
		0C19D077183C9B0400A58021 /* rjpFirstViewController.m in Sources */ = {isa = PBXBuildFile; fileRef = 0C19D076183C9B0400A58021 /* rjpFirstViewController.m */; };
		0C19D07A183C9B0400A58021 /* rjpSecondViewController.m in Sources */ = {isa = PBXBuildFile; fileRef = 0C19D079183C9B0400A58021 /* rjpSecondViewController.m */; };
		0C19D07C183C9B0400A58021 /* Images.xcassets in Resources */ = {isa = PBXBuildFile; fileRef = 0C19D07B183C9B0400A58021 /* Images.xcassets */; };
		0C19D083183C9B0400A58021 /* XCTest.framework in Frameworks */ = {isa = PBXBuildFile; fileRef = 0C19D082183C9B0400A58021 /* XCTest.framework */; };
		0C19D084183C9B0400A58021 /* Foundation.framework in Frameworks */ = {isa = PBXBuildFile; fileRef = 0C19D05D183C9B0400A58021 /* Foundation.framework */; };
		0C19D085183C9B0400A58021 /* UIKit.framework in Frameworks */ = {isa = PBXBuildFile; fileRef = 0C19D061183C9B0400A58021 /* UIKit.framework */; };
		0C19D08D183C9B0400A58021 /* InfoPlist.strings in Resources */ = {isa = PBXBuildFile; fileRef = 0C19D08B183C9B0400A58021 /* InfoPlist.strings */; };
		0C19D08F183C9B0400A58021 /* UA_ReaderTests.m in Sources */ = {isa = PBXBuildFile; fileRef = 0C19D08E183C9B0400A58021 /* UA_ReaderTests.m */; };
/* End PBXBuildFile section */

/* Begin PBXContainerItemProxy section */
		0C19D086183C9B0400A58021 /* PBXContainerItemProxy */ = {
			isa = PBXContainerItemProxy;
			containerPortal = 0C19D052183C9B0400A58021 /* Project object */;
			proxyType = 1;
			remoteGlobalIDString = 0C19D059183C9B0400A58021;
			remoteInfo = "UA Reader";
		};
/* End PBXContainerItemProxy section */

/* Begin PBXFileReference section */
		0C19D05A183C9B0400A58021 /* UA Reader.app */ = {isa = PBXFileReference; explicitFileType = wrapper.application; includeInIndex = 0; path = "UA Reader.app"; sourceTree = BUILT_PRODUCTS_DIR; };
		0C19D05D183C9B0400A58021 /* Foundation.framework */ = {isa = PBXFileReference; lastKnownFileType = wrapper.framework; name = Foundation.framework; path = System/Library/Frameworks/Foundation.framework; sourceTree = SDKROOT; };
		0C19D05F183C9B0400A58021 /* CoreGraphics.framework */ = {isa = PBXFileReference; lastKnownFileType = wrapper.framework; name = CoreGraphics.framework; path = System/Library/Frameworks/CoreGraphics.framework; sourceTree = SDKROOT; };
		0C19D061183C9B0400A58021 /* UIKit.framework */ = {isa = PBXFileReference; lastKnownFileType = wrapper.framework; name = UIKit.framework; path = System/Library/Frameworks/UIKit.framework; sourceTree = SDKROOT; };
		0C19D065183C9B0400A58021 /* UA Reader-Info.plist */ = {isa = PBXFileReference; lastKnownFileType = text.plist.xml; path = "UA Reader-Info.plist"; sourceTree = "<group>"; };
		0C19D067183C9B0400A58021 /* en */ = {isa = PBXFileReference; lastKnownFileType = text.plist.strings; name = en; path = en.lproj/InfoPlist.strings; sourceTree = "<group>"; };
		0C19D069183C9B0400A58021 /* main.m */ = {isa = PBXFileReference; lastKnownFileType = sourcecode.c.objc; path = main.m; sourceTree = "<group>"; };
		0C19D06B183C9B0400A58021 /* UA Reader-Prefix.pch */ = {isa = PBXFileReference; lastKnownFileType = sourcecode.c.h; path = "UA Reader-Prefix.pch"; sourceTree = "<group>"; };
		0C19D06C183C9B0400A58021 /* rjpAppDelegate.h */ = {isa = PBXFileReference; lastKnownFileType = sourcecode.c.h; path = rjpAppDelegate.h; sourceTree = "<group>"; };
		0C19D06D183C9B0400A58021 /* rjpAppDelegate.m */ = {isa = PBXFileReference; lastKnownFileType = sourcecode.c.objc; path = rjpAppDelegate.m; sourceTree = "<group>"; };
		0C19D070183C9B0400A58021 /* Base */ = {isa = PBXFileReference; lastKnownFileType = file.storyboard; name = Base; path = Base.lproj/Main_iPhone.storyboard; sourceTree = "<group>"; };
		0C19D073183C9B0400A58021 /* Base */ = {isa = PBXFileReference; lastKnownFileType = file.storyboard; name = Base; path = Base.lproj/Main_iPad.storyboard; sourceTree = "<group>"; };
		0C19D075183C9B0400A58021 /* rjpFirstViewController.h */ = {isa = PBXFileReference; lastKnownFileType = sourcecode.c.h; path = rjpFirstViewController.h; sourceTree = "<group>"; };
		0C19D076183C9B0400A58021 /* rjpFirstViewController.m */ = {isa = PBXFileReference; lastKnownFileType = sourcecode.c.objc; path = rjpFirstViewController.m; sourceTree = "<group>"; };
		0C19D078183C9B0400A58021 /* rjpSecondViewController.h */ = {isa = PBXFileReference; lastKnownFileType = sourcecode.c.h; path = rjpSecondViewController.h; sourceTree = "<group>"; };
		0C19D079183C9B0400A58021 /* rjpSecondViewController.m */ = {isa = PBXFileReference; lastKnownFileType = sourcecode.c.objc; path = rjpSecondViewController.m; sourceTree = "<group>"; };
		0C19D07B183C9B0400A58021 /* Images.xcassets */ = {isa = PBXFileReference; lastKnownFileType = folder.assetcatalog; path = Images.xcassets; sourceTree = "<group>"; };
		0C19D081183C9B0400A58021 /* UA ReaderTests.xctest */ = {isa = PBXFileReference; explicitFileType = wrapper.cfbundle; includeInIndex = 0; path = "UA ReaderTests.xctest"; sourceTree = BUILT_PRODUCTS_DIR; };
		0C19D082183C9B0400A58021 /* XCTest.framework */ = {isa = PBXFileReference; lastKnownFileType = wrapper.framework; name = XCTest.framework; path = Library/Frameworks/XCTest.framework; sourceTree = DEVELOPER_DIR; };
		0C19D08A183C9B0400A58021 /* UA ReaderTests-Info.plist */ = {isa = PBXFileReference; lastKnownFileType = text.plist.xml; path = "UA ReaderTests-Info.plist"; sourceTree = "<group>"; };
		0C19D08C183C9B0400A58021 /* en */ = {isa = PBXFileReference; lastKnownFileType = text.plist.strings; name = en; path = en.lproj/InfoPlist.strings; sourceTree = "<group>"; };
		0C19D08E183C9B0400A58021 /* UA_ReaderTests.m */ = {isa = PBXFileReference; lastKnownFileType = sourcecode.c.objc; path = UA_ReaderTests.m; sourceTree = "<group>"; };
/* End PBXFileReference section */

/* Begin PBXFrameworksBuildPhase section */
		0C19D057183C9B0400A58021 /* Frameworks */ = {
			isa = PBXFrameworksBuildPhase;
			buildActionMask = 2147483647;
			files = (
				0C19D060183C9B0400A58021 /* CoreGraphics.framework in Frameworks */,
				0C19D062183C9B0400A58021 /* UIKit.framework in Frameworks */,
				0C19D05E183C9B0400A58021 /* Foundation.framework in Frameworks */,
			);
			runOnlyForDeploymentPostprocessing = 0;
		};
		0C19D07E183C9B0400A58021 /* Frameworks */ = {
			isa = PBXFrameworksBuildPhase;
			buildActionMask = 2147483647;
			files = (
				0C19D083183C9B0400A58021 /* XCTest.framework in Frameworks */,
				0C19D085183C9B0400A58021 /* UIKit.framework in Frameworks */,
				0C19D084183C9B0400A58021 /* Foundation.framework in Frameworks */,
			);
			runOnlyForDeploymentPostprocessing = 0;
		};
/* End PBXFrameworksBuildPhase section */

/* Begin PBXGroup section */
		0C19D051183C9B0400A58021 = {
			isa = PBXGroup;
			children = (
				0C19D063183C9B0400A58021 /* UA Reader */,
				0C19D088183C9B0400A58021 /* UA ReaderTests */,
				0C19D05C183C9B0400A58021 /* Frameworks */,
				0C19D05B183C9B0400A58021 /* Products */,
			);
			sourceTree = "<group>";
		};
		0C19D05B183C9B0400A58021 /* Products */ = {
			isa = PBXGroup;
			children = (
				0C19D05A183C9B0400A58021 /* UA Reader.app */,
				0C19D081183C9B0400A58021 /* UA ReaderTests.xctest */,
			);
			name = Products;
			sourceTree = "<group>";
		};
		0C19D05C183C9B0400A58021 /* Frameworks */ = {
			isa = PBXGroup;
			children = (
				0C19D05D183C9B0400A58021 /* Foundation.framework */,
				0C19D05F183C9B0400A58021 /* CoreGraphics.framework */,
				0C19D061183C9B0400A58021 /* UIKit.framework */,
				0C19D082183C9B0400A58021 /* XCTest.framework */,
			);
			name = Frameworks;
			sourceTree = "<group>";
		};
		0C19D063183C9B0400A58021 /* UA Reader */ = {
			isa = PBXGroup;
			children = (
				0C19D06C183C9B0400A58021 /* rjpAppDelegate.h */,
				0C19D06D183C9B0400A58021 /* rjpAppDelegate.m */,
				0C19D06F183C9B0400A58021 /* Main_iPhone.storyboard */,
				0C19D072183C9B0400A58021 /* Main_iPad.storyboard */,
				0C19D075183C9B0400A58021 /* rjpFirstViewController.h */,
				0C19D076183C9B0400A58021 /* rjpFirstViewController.m */,
				0C19D078183C9B0400A58021 /* rjpSecondViewController.h */,
				0C19D079183C9B0400A58021 /* rjpSecondViewController.m */,
				0C19D07B183C9B0400A58021 /* Images.xcassets */,
				0C19D064183C9B0400A58021 /* Supporting Files */,
			);
			path = "UA Reader";
			sourceTree = "<group>";
		};
		0C19D064183C9B0400A58021 /* Supporting Files */ = {
			isa = PBXGroup;
			children = (
				0C19D065183C9B0400A58021 /* UA Reader-Info.plist */,
				0C19D066183C9B0400A58021 /* InfoPlist.strings */,
				0C19D069183C9B0400A58021 /* main.m */,
				0C19D06B183C9B0400A58021 /* UA Reader-Prefix.pch */,
			);
			name = "Supporting Files";
			sourceTree = "<group>";
		};
		0C19D088183C9B0400A58021 /* UA ReaderTests */ = {
			isa = PBXGroup;
			children = (
				0C19D08E183C9B0400A58021 /* UA_ReaderTests.m */,
				0C19D089183C9B0400A58021 /* Supporting Files */,
			);
			path = "UA ReaderTests";
			sourceTree = "<group>";
		};
		0C19D089183C9B0400A58021 /* Supporting Files */ = {
			isa = PBXGroup;
			children = (
				0C19D08A183C9B0400A58021 /* UA ReaderTests-Info.plist */,
				0C19D08B183C9B0400A58021 /* InfoPlist.strings */,
			);
			name = "Supporting Files";
			sourceTree = "<group>";
		};
/* End PBXGroup section */

/* Begin PBXNativeTarget section */
		0C19D059183C9B0400A58021 /* UA Reader */ = {
			isa = PBXNativeTarget;
			buildConfigurationList = 0C19D092183C9B0400A58021 /* Build configuration list for PBXNativeTarget "UA Reader" */;
			buildPhases = (
				0C19D056183C9B0400A58021 /* Sources */,
				0C19D057183C9B0400A58021 /* Frameworks */,
				0C19D058183C9B0400A58021 /* Resources */,
			);
			buildRules = (
			);
			dependencies = (
			);
			name = "UA Reader";
			productName = "UA Reader";
			productReference = 0C19D05A183C9B0400A58021 /* UA Reader.app */;
			productType = "com.apple.product-type.application";
		};
		0C19D080183C9B0400A58021 /* UA ReaderTests */ = {
			isa = PBXNativeTarget;
			buildConfigurationList = 0C19D095183C9B0400A58021 /* Build configuration list for PBXNativeTarget "UA ReaderTests" */;
			buildPhases = (
				0C19D07D183C9B0400A58021 /* Sources */,
				0C19D07E183C9B0400A58021 /* Frameworks */,
				0C19D07F183C9B0400A58021 /* Resources */,
			);
			buildRules = (
			);
			dependencies = (
				0C19D087183C9B0400A58021 /* PBXTargetDependency */,
			);
			name = "UA ReaderTests";
			productName = "UA ReaderTests";
			productReference = 0C19D081183C9B0400A58021 /* UA ReaderTests.xctest */;
			productType = "com.apple.product-type.bundle.unit-test";
		};
/* End PBXNativeTarget section */

/* Begin PBXProject section */
		0C19D052183C9B0400A58021 /* Project object */ = {
			isa = PBXProject;
			attributes = {
				CLASSPREFIX = rjp;
				LastUpgradeCheck = 0500;
				ORGANIZATIONNAME = rjp;
				TargetAttributes = {
					0C19D080183C9B0400A58021 = {
						TestTargetID = 0C19D059183C9B0400A58021;
					};
				};
			};
			buildConfigurationList = 0C19D055183C9B0400A58021 /* Build configuration list for PBXProject "UA Reader" */;
			compatibilityVersion = "Xcode 3.2";
			developmentRegion = English;
			hasScannedForEncodings = 0;
			knownRegions = (
				en,
				Base,
			);
			mainGroup = 0C19D051183C9B0400A58021;
			productRefGroup = 0C19D05B183C9B0400A58021 /* Products */;
			projectDirPath = "";
			projectRoot = "";
			targets = (
				0C19D059183C9B0400A58021 /* UA Reader */,
				0C19D080183C9B0400A58021 /* UA ReaderTests */,
			);
		};
/* End PBXProject section */

/* Begin PBXResourcesBuildPhase section */
		0C19D058183C9B0400A58021 /* Resources */ = {
			isa = PBXResourcesBuildPhase;
			buildActionMask = 2147483647;
			files = (
				0C19D074183C9B0400A58021 /* Main_iPad.storyboard in Resources */,
				0C19D07C183C9B0400A58021 /* Images.xcassets in Resources */,
				0C19D071183C9B0400A58021 /* Main_iPhone.storyboard in Resources */,
				0C19D068183C9B0400A58021 /* InfoPlist.strings in Resources */,
			);
			runOnlyForDeploymentPostprocessing = 0;
		};
		0C19D07F183C9B0400A58021 /* Resources */ = {
			isa = PBXResourcesBuildPhase;
			buildActionMask = 2147483647;
			files = (
				0C19D08D183C9B0400A58021 /* InfoPlist.strings in Resources */,
			);
			runOnlyForDeploymentPostprocessing = 0;
		};
/* End PBXResourcesBuildPhase section */

/* Begin PBXSourcesBuildPhase section */
		0C19D056183C9B0400A58021 /* Sources */ = {
			isa = PBXSourcesBuildPhase;
			buildActionMask = 2147483647;
			files = (
				0C19D06A183C9B0400A58021 /* main.m in Sources */,
				0C19D077183C9B0400A58021 /* rjpFirstViewController.m in Sources */,
				0C19D06E183C9B0400A58021 /* rjpAppDelegate.m in Sources */,
				0C19D07A183C9B0400A58021 /* rjpSecondViewController.m in Sources */,
			);
			runOnlyForDeploymentPostprocessing = 0;
		};
		0C19D07D183C9B0400A58021 /* Sources */ = {
			isa = PBXSourcesBuildPhase;
			buildActionMask = 2147483647;
			files = (
				0C19D08F183C9B0400A58021 /* UA_ReaderTests.m in Sources */,
			);
			runOnlyForDeploymentPostprocessing = 0;
		};
/* End PBXSourcesBuildPhase section */

/* Begin PBXTargetDependency section */
		0C19D087183C9B0400A58021 /* PBXTargetDependency */ = {
			isa = PBXTargetDependency;
			target = 0C19D059183C9B0400A58021 /* UA Reader */;
			targetProxy = 0C19D086183C9B0400A58021 /* PBXContainerItemProxy */;
		};
/* End PBXTargetDependency section */

/* Begin PBXVariantGroup section */
		0C19D066183C9B0400A58021 /* InfoPlist.strings */ = {
			isa = PBXVariantGroup;
			children = (
				0C19D067183C9B0400A58021 /* en */,
			);
			name = InfoPlist.strings;
			sourceTree = "<group>";
		};
		0C19D06F183C9B0400A58021 /* Main_iPhone.storyboard */ = {
			isa = PBXVariantGroup;
			children = (
				0C19D070183C9B0400A58021 /* Base */,
			);
			name = Main_iPhone.storyboard;
			sourceTree = "<group>";
		};
		0C19D072183C9B0400A58021 /* Main_iPad.storyboard */ = {
			isa = PBXVariantGroup;
			children = (
				0C19D073183C9B0400A58021 /* Base */,
			);
			name = Main_iPad.storyboard;
			sourceTree = "<group>";
		};
		0C19D08B183C9B0400A58021 /* InfoPlist.strings */ = {
			isa = PBXVariantGroup;
			children = (
				0C19D08C183C9B0400A58021 /* en */,
			);
			name = InfoPlist.strings;
			sourceTree = "<group>";
		};
/* End PBXVariantGroup section */

/* Begin XCBuildConfiguration section */
		0C19D090183C9B0400A58021 /* Debug */ = {
			isa = XCBuildConfiguration;
			buildSettings = {
				ALWAYS_SEARCH_USER_PATHS = NO;
				ARCHS = "$(ARCHS_STANDARD_INCLUDING_64_BIT)";
				CLANG_CXX_LANGUAGE_STANDARD = "gnu++0x";
				CLANG_CXX_LIBRARY = "libc++";
				CLANG_ENABLE_MODULES = YES;
				CLANG_ENABLE_OBJC_ARC = YES;
				CLANG_WARN_BOOL_CONVERSION = YES;
				CLANG_WARN_CONSTANT_CONVERSION = YES;
				CLANG_WARN_DIRECT_OBJC_ISA_USAGE = YES_ERROR;
				CLANG_WARN_EMPTY_BODY = YES;
				CLANG_WARN_ENUM_CONVERSION = YES;
				CLANG_WARN_INT_CONVERSION = YES;
				CLANG_WARN_OBJC_ROOT_CLASS = YES_ERROR;
				CLANG_WARN__DUPLICATE_METHOD_MATCH = YES;
				"CODE_SIGN_IDENTITY[sdk=iphoneos*]" = "iPhone Developer";
				COPY_PHASE_STRIP = NO;
				GCC_C_LANGUAGE_STANDARD = gnu99;
				GCC_DYNAMIC_NO_PIC = NO;
				GCC_OPTIMIZATION_LEVEL = 0;
				GCC_PREPROCESSOR_DEFINITIONS = (
					"DEBUG=1",
					"$(inherited)",
				);
				GCC_SYMBOLS_PRIVATE_EXTERN = NO;
				GCC_WARN_64_TO_32_BIT_CONVERSION = YES;
				GCC_WARN_ABOUT_RETURN_TYPE = YES_ERROR;
				GCC_WARN_UNDECLARED_SELECTOR = YES;
				GCC_WARN_UNINITIALIZED_AUTOS = YES;
				GCC_WARN_UNUSED_FUNCTION = YES;
				GCC_WARN_UNUSED_VARIABLE = YES;
				IPHONEOS_DEPLOYMENT_TARGET = 7.0;
				ONLY_ACTIVE_ARCH = YES;
				SDKROOT = iphoneos;
				TARGETED_DEVICE_FAMILY = "1,2";
			};
			name = Debug;
		};
		0C19D091183C9B0400A58021 /* Release */ = {
			isa = XCBuildConfiguration;
			buildSettings = {
				ALWAYS_SEARCH_USER_PATHS = NO;
				ARCHS = "$(ARCHS_STANDARD_INCLUDING_64_BIT)";
				CLANG_CXX_LANGUAGE_STANDARD = "gnu++0x";
				CLANG_CXX_LIBRARY = "libc++";
				CLANG_ENABLE_MODULES = YES;
				CLANG_ENABLE_OBJC_ARC = YES;
				CLANG_WARN_BOOL_CONVERSION = YES;
				CLANG_WARN_CONSTANT_CONVERSION = YES;
				CLANG_WARN_DIRECT_OBJC_ISA_USAGE = YES_ERROR;
				CLANG_WARN_EMPTY_BODY = YES;
				CLANG_WARN_ENUM_CONVERSION = YES;
				CLANG_WARN_INT_CONVERSION = YES;
				CLANG_WARN_OBJC_ROOT_CLASS = YES_ERROR;
				CLANG_WARN__DUPLICATE_METHOD_MATCH = YES;
				"CODE_SIGN_IDENTITY[sdk=iphoneos*]" = "iPhone Developer";
				COPY_PHASE_STRIP = YES;
				ENABLE_NS_ASSERTIONS = NO;
				GCC_C_LANGUAGE_STANDARD = gnu99;
				GCC_WARN_64_TO_32_BIT_CONVERSION = YES;
				GCC_WARN_ABOUT_RETURN_TYPE = YES_ERROR;
				GCC_WARN_UNDECLARED_SELECTOR = YES;
				GCC_WARN_UNINITIALIZED_AUTOS = YES;
				GCC_WARN_UNUSED_FUNCTION = YES;
				GCC_WARN_UNUSED_VARIABLE = YES;
				IPHONEOS_DEPLOYMENT_TARGET = 7.0;
				SDKROOT = iphoneos;
				TARGETED_DEVICE_FAMILY = "1,2";
				VALIDATE_PRODUCT = YES;
			};
			name = Release;
		};
		0C19D093183C9B0400A58021 /* Debug */ = {
			isa = XCBuildConfiguration;
			buildSettings = {
				ASSETCATALOG_COMPILER_APPICON_NAME = AppIcon;
				ASSETCATALOG_COMPILER_LAUNCHIMAGE_NAME = LaunchImage;
				GCC_PRECOMPILE_PREFIX_HEADER = YES;
				GCC_PREFIX_HEADER = "UA Reader/UA Reader-Prefix.pch";
				INFOPLIST_FILE = "UA Reader/UA Reader-Info.plist";
				PRODUCT_NAME = "$(TARGET_NAME)";
				WRAPPER_EXTENSION = app;
			};
			name = Debug;
		};
		0C19D094183C9B0400A58021 /* Release */ = {
			isa = XCBuildConfiguration;
			buildSettings = {
				ASSETCATALOG_COMPILER_APPICON_NAME = AppIcon;
				ASSETCATALOG_COMPILER_LAUNCHIMAGE_NAME = LaunchImage;
				GCC_PRECOMPILE_PREFIX_HEADER = YES;
				GCC_PREFIX_HEADER = "UA Reader/UA Reader-Prefix.pch";
				INFOPLIST_FILE = "UA Reader/UA Reader-Info.plist";
				PRODUCT_NAME = "$(TARGET_NAME)";
				WRAPPER_EXTENSION = app;
			};
			name = Release;
		};
		0C19D096183C9B0400A58021 /* Debug */ = {
			isa = XCBuildConfiguration;
			buildSettings = {
				ARCHS = "$(ARCHS_STANDARD_INCLUDING_64_BIT)";
				BUNDLE_LOADER = "$(BUILT_PRODUCTS_DIR)/UA Reader.app/UA Reader";
				FRAMEWORK_SEARCH_PATHS = (
					"$(SDKROOT)/Developer/Library/Frameworks",
					"$(inherited)",
					"$(DEVELOPER_FRAMEWORKS_DIR)",
				);
				GCC_PRECOMPILE_PREFIX_HEADER = YES;
				GCC_PREFIX_HEADER = "UA Reader/UA Reader-Prefix.pch";
				GCC_PREPROCESSOR_DEFINITIONS = (
					"DEBUG=1",
					"$(inherited)",
				);
				INFOPLIST_FILE = "UA ReaderTests/UA ReaderTests-Info.plist";
				PRODUCT_NAME = "$(TARGET_NAME)";
				TEST_HOST = "$(BUNDLE_LOADER)";
				WRAPPER_EXTENSION = xctest;
			};
			name = Debug;
		};
		0C19D097183C9B0400A58021 /* Release */ = {
			isa = XCBuildConfiguration;
			buildSettings = {
				ARCHS = "$(ARCHS_STANDARD_INCLUDING_64_BIT)";
				BUNDLE_LOADER = "$(BUILT_PRODUCTS_DIR)/UA Reader.app/UA Reader";
				FRAMEWORK_SEARCH_PATHS = (
					"$(SDKROOT)/Developer/Library/Frameworks",
					"$(inherited)",
					"$(DEVELOPER_FRAMEWORKS_DIR)",
				);
				GCC_PRECOMPILE_PREFIX_HEADER = YES;
				GCC_PREFIX_HEADER = "UA Reader/UA Reader-Prefix.pch";
				INFOPLIST_FILE = "UA ReaderTests/UA ReaderTests-Info.plist";
				PRODUCT_NAME = "$(TARGET_NAME)";
				TEST_HOST = "$(BUNDLE_LOADER)";
				WRAPPER_EXTENSION = xctest;
			};
			name = Release;
		};
/* End XCBuildConfiguration section */

/* Begin XCConfigurationList section */
		0C19D055183C9B0400A58021 /* Build configuration list for PBXProject "UA Reader" */ = {
			isa = XCConfigurationList;
			buildConfigurations = (
				0C19D090183C9B0400A58021 /* Debug */,
				0C19D091183C9B0400A58021 /* Release */,
			);
			defaultConfigurationIsVisible = 0;
			defaultConfigurationName = Release;
		};
		0C19D092183C9B0400A58021 /* Build configuration list for PBXNativeTarget "UA Reader" */ = {
			isa = XCConfigurationList;
			buildConfigurations = (
				0C19D093183C9B0400A58021 /* Debug */,
				0C19D094183C9B0400A58021 /* Release */,
			);
			defaultConfigurationIsVisible = 0;
		};
		0C19D095183C9B0400A58021 /* Build configuration list for PBXNativeTarget "UA ReaderTests" */ = {
			isa = XCConfigurationList;
			buildConfigurations = (
				0C19D096183C9B0400A58021 /* Debug */,
				0C19D097183C9B0400A58021 /* Release */,
			);
			defaultConfigurationIsVisible = 0;
		};
/* End XCConfigurationList section */
	};
	rootObject = 0C19D052183C9B0400A58021 /* Project object */;
}
